
Microsoft Visual Studio Solution File, Format Version 12.00
# Visual Studio Version 17
VisualStudioVersion = 17.10.35122.118
MinimumVisualStudioVersion = 10.0.40219.1
Project("{FAE04EC0-301F-11D3-BF4B-00C04F79EFBC}") = "水水水果API", "水水水果API.csproj", "{B662A0C1-DC80-4089-895B-735A13B59CBB}"
EndProject
Global
	GlobalSection(SolutionConfigurationPlatforms) = preSolution
		Debug|Any CPU = Debug|Any CPU
		Release|Any CPU = Release|Any CPU
	EndGlobalSection
	GlobalSection(ProjectConfigurationPlatforms) = postSolution
		{B662A0C1-DC80-4089-895B-735A13B59CBB}.Debug|Any CPU.ActiveCfg = Debug|Any CPU
		{B662A0C1-DC80-4089-895B-735A13B59CBB}.Debug|Any CPU.Build.0 = Debug|Any CPU
		{B662A0C1-DC80-4089-895B-735A13B59CBB}.Release|Any CPU.ActiveCfg = Release|Any CPU
		{B662A0C1-DC80-4089-895B-735A13B59CBB}.Release|Any CPU.Build.0 = Release|Any CPU
	EndGlobalSection
	GlobalSection(SolutionProperties) = preSolution
		HideSolutionNode = FALSE
	EndGlobalSection
	GlobalSection(ExtensibilityGlobals) = postSolution
		SolutionGuid = {5F383E06-74E9-48C3-9ECF-CDF9918A486A}
	EndGlobalSection
EndGlobal
